schema: '2.0'
stages:
  prepare:
    cmd: python src/prepare.py data/data.xml
    deps:
    - path: data/data.xml
      md5: 22a1a2931c8370d3aeedd7183606fd7f
      size: 14445097
    - path: src/prepare.py
      md5: f09ea0c15980b43010257ccb9f0055e2
      size: 1576
    params:
      params.yaml:
        prepare.seed: 20170428
        prepare.split: 0.2
    outs:
    - path: data/prepared
      md5: 153aad06d376b6595932470e459ef42a.dir
      size: 8437363
      nfiles: 2
  featurize:
    cmd: python src/featurization.py data/prepared data/features
    deps:
    - path: data/prepared
      md5: 153aad06d376b6595932470e459ef42a.dir
      size: 8437363
      nfiles: 2
    - path: src/featurization.py
      md5: e0265fc22f056a4b86d85c3056bc2894
      size: 2490
    params:
      params.yaml:
        featurize.max_features: 200
        featurize.ngrams: 2
    outs:
    - path: data/features
      md5: f35d4cc2c552ac959ae602162b8543f3.dir
      size: 2232588
      nfiles: 2
  train:
    cmd: python src/train.py data/features model.pkl
    deps:
    - path: data/features
      md5: f35d4cc2c552ac959ae602162b8543f3.dir
      size: 2232588
      nfiles: 2
    - path: src/train.py
      md5: c3961d777cfbd7727f9fde4851896006
      size: 967
    params:
      params.yaml:
        train.min_split: 0.03
        train.n_est: 50
        train.seed: 20170428
    outs:
    - path: model.pkl
      hash: md5
      md5: 72c18330cbf9ba9258ac2765a30ca6f2
      size: 1032302
  evaluate:
    cmd: python src/evaluate.py model.pkl data/features
    deps:
    - path: data/features
      md5: f35d4cc2c552ac959ae602162b8543f3.dir
      size: 2232588
      nfiles: 2
    - path: model.pkl
      hash: md5
      md5: 72c18330cbf9ba9258ac2765a30ca6f2
      size: 1032302
    - path: src/evaluate.py
      md5: e538db1a5c3bb59f954b642fb7d2af1e
      size: 3304
    outs:
    - path: eval/importance.png
      hash: md5
      md5: 4cb31eac14217a91d49a477b1345554d
      size: 31525
    - path: eval/live/metrics.json
      hash: md5
      md5: 86339c65b18f46f44906711dd4a351c2
      size: 195
    - path: eval/live/plots
      hash: md5
      md5: 57e423503b272a0f19f4ed6a7eaf20e2.dir
      size: 790379
      nfiles: 4
    - path: eval/prc
      hash: md5
      md5: 3151939882f1b5692af941272432de1c.dir
      size: 302014
      nfiles: 2
